
Microsoft Visual Studio Solution File, Format Version 12.00
# Visual Studio Version 17
VisualStudioVersion = 17.4.33403.182
MinimumVisualStudioVersion = 10.0.40219.1
Project("{8BC9CEB8-8B4A-11D0-8D11-00A0C91BC942}") = "Task1", "Task1\Task1.vcxproj", "{1043A1E5-AC28-4799-894A-E4F9072E0964}"
EndProject
Project("{8BC9CEB8-8B4A-11D0-8D11-00A0C91BC942}") = "Task2", "Task2\Task2.vcxproj", "{A11AA20C-08C1-43EB-99DC-06BD03876B97}"
EndProject
Project("{8BC9CEB8-8B4A-11D0-8D11-00A0C91BC942}") = "Task3", "Task3\Task3.vcxproj", "{30B73084-3551-4913-99E4-6B408163A5FB}"
EndProject
Global
	GlobalSection(SolutionConfigurationPlatforms) = preSolution
		Debug|x64 = Debug|x64
		Debug|x86 = Debug|x86
		Release|x64 = Release|x64
		Release|x86 = Release|x86
	EndGlobalSection
	GlobalSection(ProjectConfigurationPlatforms) = postSolution
		{1043A1E5-AC28-4799-894A-E4F9072E0964}.Debug|x64.ActiveCfg = Debug|x64
		{1043A1E5-AC28-4799-894A-E4F9072E0964}.Debug|x64.Build.0 = Debug|x64
		{1043A1E5-AC28-4799-894A-E4F9072E0964}.Debug|x86.ActiveCfg = Debug|Win32
		{1043A1E5-AC28-4799-894A-E4F9072E0964}.Debug|x86.Build.0 = Debug|Win32
		{1043A1E5-AC28-4799-894A-E4F9072E0964}.Release|x64.ActiveCfg = Release|x64
		{1043A1E5-AC28-4799-894A-E4F9072E0964}.Release|x64.Build.0 = Release|x64
		{1043A1E5-AC28-4799-894A-E4F9072E0964}.Release|x86.ActiveCfg = Release|Win32
		{1043A1E5-AC28-4799-894A-E4F9072E0964}.Release|x86.Build.0 = Release|Win32
		{A11AA20C-08C1-43EB-99DC-06BD03876B97}.Debug|x64.ActiveCfg = Debug|x64
		{A11AA20C-08C1-43EB-99DC-06BD03876B97}.Debug|x64.Build.0 = Debug|x64
		{A11AA20C-08C1-43EB-99DC-06BD03876B97}.Debug|x86.ActiveCfg = Debug|Win32
		{A11AA20C-08C1-43EB-99DC-06BD03876B97}.Debug|x86.Build.0 = Debug|Win32
		{A11AA20C-08C1-43EB-99DC-06BD03876B97}.Release|x64.ActiveCfg = Release|x64
		{A11AA20C-08C1-43EB-99DC-06BD03876B97}.Release|x64.Build.0 = Release|x64
		{A11AA20C-08C1-43EB-99DC-06BD03876B97}.Release|x86.ActiveCfg = Release|Win32
		{A11AA20C-08C1-43EB-99DC-06BD03876B97}.Release|x86.Build.0 = Release|Win32
		{30B73084-3551-4913-99E4-6B408163A5FB}.Debug|x64.ActiveCfg = Debug|x64
		{30B73084-3551-4913-99E4-6B408163A5FB}.Debug|x64.Build.0 = Debug|x64
		{30B73084-3551-4913-99E4-6B408163A5FB}.Debug|x86.ActiveCfg = Debug|Win32
		{30B73084-3551-4913-99E4-6B408163A5FB}.Debug|x86.Build.0 = Debug|Win32
		{30B73084-3551-4913-99E4-6B408163A5FB}.Release|x64.ActiveCfg = Release|x64
		{30B73084-3551-4913-99E4-6B408163A5FB}.Release|x64.Build.0 = Release|x64
		{30B73084-3551-4913-99E4-6B408163A5FB}.Release|x86.ActiveCfg = Release|Win32
		{30B73084-3551-4913-99E4-6B408163A5FB}.Release|x86.Build.0 = Release|Win32
	EndGlobalSection
	GlobalSection(SolutionProperties) = preSolution
		HideSolutionNode = FALSE
	EndGlobalSection
	GlobalSection(ExtensibilityGlobals) = postSolution
		SolutionGuid = {3F4484D3-2D78-4E97-B8D1-6249AF60828F}
	EndGlobalSection
EndGlobal
