
Microsoft Visual Studio Solution File, Format Version 12.00
# Visual Studio Version 17
VisualStudioVersion = 17.4.33122.133
MinimumVisualStudioVersion = 10.0.40219.1
Project("{8BC9CEB8-8B4A-11D0-8D11-00A0C91BC942}") = "Task1", "Task1\Task1.vcxproj", "{00D8B1DA-DA8B-40BF-A9FC-1F9B1C58731C}"
EndProject
Project("{8BC9CEB8-8B4A-11D0-8D11-00A0C91BC942}") = "Task3", "Task3\Task3.vcxproj", "{2939A112-F566-4BEF-9FBC-3C71896DD27A}"
EndProject
Project("{8BC9CEB8-8B4A-11D0-8D11-00A0C91BC942}") = "Task5", "Task5\Task5.vcxproj", "{24AFBB8D-E8B1-4AA7-88D8-0424C3AE19AA}"
EndProject
Project("{8BC9CEB8-8B4A-11D0-8D11-00A0C91BC942}") = "Task6", "Task6\Task6.vcxproj", "{0F1CD910-3F55-4477-8F01-23BFB581AE9A}"
EndProject
Project("{8BC9CEB8-8B4A-11D0-8D11-00A0C91BC942}") = "Task7", "Task7\Task7.vcxproj", "{6D329EDB-5866-4B85-8BF8-4A2E283A74A0}"
EndProject
Project("{8BC9CEB8-8B4A-11D0-8D11-00A0C91BC942}") = "Task2", "Task2\Task2.vcxproj", "{489B320A-F0A4-4797-B355-02A5E1E9894D}"
EndProject
Project("{8BC9CEB8-8B4A-11D0-8D11-00A0C91BC942}") = "Task4", "Task4\Task4.vcxproj", "{E99B9DE7-97CD-4071-86F2-6C8ADC5EE0E4}"
EndProject
Project("{8BC9CEB8-8B4A-11D0-8D11-00A0C91BC942}") = "Task8", "Task8\Task8.vcxproj", "{11AB8013-B7D3-4487-A894-2FCE8DFC1274}"
EndProject
Project("{8BC9CEB8-8B4A-11D0-8D11-00A0C91BC942}") = "Task9", "Task9\Task9.vcxproj", "{0C27EA9D-6EB6-48C3-9E1D-20E1793A57E3}"
EndProject
Project("{8BC9CEB8-8B4A-11D0-8D11-00A0C91BC942}") = "Task10", "Task10\Task10.vcxproj", "{D703C9EB-A99D-4E34-960E-3D854F15EC33}"
EndProject
Global
	GlobalSection(SolutionConfigurationPlatforms) = preSolution
		Debug|x64 = Debug|x64
		Debug|x86 = Debug|x86
		Release|x64 = Release|x64
		Release|x86 = Release|x86
	EndGlobalSection
	GlobalSection(ProjectConfigurationPlatforms) = postSolution
		{00D8B1DA-DA8B-40BF-A9FC-1F9B1C58731C}.Debug|x64.ActiveCfg = Debug|x64
		{00D8B1DA-DA8B-40BF-A9FC-1F9B1C58731C}.Debug|x64.Build.0 = Debug|x64
		{00D8B1DA-DA8B-40BF-A9FC-1F9B1C58731C}.Debug|x86.ActiveCfg = Debug|Win32
		{00D8B1DA-DA8B-40BF-A9FC-1F9B1C58731C}.Debug|x86.Build.0 = Debug|Win32
		{00D8B1DA-DA8B-40BF-A9FC-1F9B1C58731C}.Release|x64.ActiveCfg = Release|x64
		{00D8B1DA-DA8B-40BF-A9FC-1F9B1C58731C}.Release|x64.Build.0 = Release|x64
		{00D8B1DA-DA8B-40BF-A9FC-1F9B1C58731C}.Release|x86.ActiveCfg = Release|Win32
		{00D8B1DA-DA8B-40BF-A9FC-1F9B1C58731C}.Release|x86.Build.0 = Release|Win32
		{2939A112-F566-4BEF-9FBC-3C71896DD27A}.Debug|x64.ActiveCfg = Debug|x64
		{2939A112-F566-4BEF-9FBC-3C71896DD27A}.Debug|x64.Build.0 = Debug|x64
		{2939A112-F566-4BEF-9FBC-3C71896DD27A}.Debug|x86.ActiveCfg = Debug|Win32
		{2939A112-F566-4BEF-9FBC-3C71896DD27A}.Debug|x86.Build.0 = Debug|Win32
		{2939A112-F566-4BEF-9FBC-3C71896DD27A}.Release|x64.ActiveCfg = Release|x64
		{2939A112-F566-4BEF-9FBC-3C71896DD27A}.Release|x64.Build.0 = Release|x64
		{2939A112-F566-4BEF-9FBC-3C71896DD27A}.Release|x86.ActiveCfg = Release|Win32
		{2939A112-F566-4BEF-9FBC-3C71896DD27A}.Release|x86.Build.0 = Release|Win32
		{24AFBB8D-E8B1-4AA7-88D8-0424C3AE19AA}.Debug|x64.ActiveCfg = Debug|x64
		{24AFBB8D-E8B1-4AA7-88D8-0424C3AE19AA}.Debug|x64.Build.0 = Debug|x64
		{24AFBB8D-E8B1-4AA7-88D8-0424C3AE19AA}.Debug|x86.ActiveCfg = Debug|Win32
		{24AFBB8D-E8B1-4AA7-88D8-0424C3AE19AA}.Debug|x86.Build.0 = Debug|Win32
		{24AFBB8D-E8B1-4AA7-88D8-0424C3AE19AA}.Release|x64.ActiveCfg = Release|x64
		{24AFBB8D-E8B1-4AA7-88D8-0424C3AE19AA}.Release|x64.Build.0 = Release|x64
		{24AFBB8D-E8B1-4AA7-88D8-0424C3AE19AA}.Release|x86.ActiveCfg = Release|Win32
		{24AFBB8D-E8B1-4AA7-88D8-0424C3AE19AA}.Release|x86.Build.0 = Release|Win32
		{0F1CD910-3F55-4477-8F01-23BFB581AE9A}.Debug|x64.ActiveCfg = Debug|x64
		{0F1CD910-3F55-4477-8F01-23BFB581AE9A}.Debug|x64.Build.0 = Debug|x64
		{0F1CD910-3F55-4477-8F01-23BFB581AE9A}.Debug|x86.ActiveCfg = Debug|Win32
		{0F1CD910-3F55-4477-8F01-23BFB581AE9A}.Debug|x86.Build.0 = Debug|Win32
		{0F1CD910-3F55-4477-8F01-23BFB581AE9A}.Release|x64.ActiveCfg = Release|x64
		{0F1CD910-3F55-4477-8F01-23BFB581AE9A}.Release|x64.Build.0 = Release|x64
		{0F1CD910-3F55-4477-8F01-23BFB581AE9A}.Release|x86.ActiveCfg = Release|Win32
		{0F1CD910-3F55-4477-8F01-23BFB581AE9A}.Release|x86.Build.0 = Release|Win32
		{6D329EDB-5866-4B85-8BF8-4A2E283A74A0}.Debug|x64.ActiveCfg = Debug|x64
		{6D329EDB-5866-4B85-8BF8-4A2E283A74A0}.Debug|x64.Build.0 = Debug|x64
		{6D329EDB-5866-4B85-8BF8-4A2E283A74A0}.Debug|x86.ActiveCfg = Debug|Win32
		{6D329EDB-5866-4B85-8BF8-4A2E283A74A0}.Debug|x86.Build.0 = Debug|Win32
		{6D329EDB-5866-4B85-8BF8-4A2E283A74A0}.Release|x64.ActiveCfg = Release|x64
		{6D329EDB-5866-4B85-8BF8-4A2E283A74A0}.Release|x64.Build.0 = Release|x64
		{6D329EDB-5866-4B85-8BF8-4A2E283A74A0}.Release|x86.ActiveCfg = Release|Win32
		{6D329EDB-5866-4B85-8BF8-4A2E283A74A0}.Release|x86.Build.0 = Release|Win32
		{489B320A-F0A4-4797-B355-02A5E1E9894D}.Debug|x64.ActiveCfg = Debug|x64
		{489B320A-F0A4-4797-B355-02A5E1E9894D}.Debug|x64.Build.0 = Debug|x64
		{489B320A-F0A4-4797-B355-02A5E1E9894D}.Debug|x86.ActiveCfg = Debug|Win32
		{489B320A-F0A4-4797-B355-02A5E1E9894D}.Debug|x86.Build.0 = Debug|Win32
		{489B320A-F0A4-4797-B355-02A5E1E9894D}.Release|x64.ActiveCfg = Release|x64
		{489B320A-F0A4-4797-B355-02A5E1E9894D}.Release|x64.Build.0 = Release|x64
		{489B320A-F0A4-4797-B355-02A5E1E9894D}.Release|x86.ActiveCfg = Release|Win32
		{489B320A-F0A4-4797-B355-02A5E1E9894D}.Release|x86.Build.0 = Release|Win32
		{E99B9DE7-97CD-4071-86F2-6C8ADC5EE0E4}.Debug|x64.ActiveCfg = Debug|x64
		{E99B9DE7-97CD-4071-86F2-6C8ADC5EE0E4}.Debug|x64.Build.0 = Debug|x64
		{E99B9DE7-97CD-4071-86F2-6C8ADC5EE0E4}.Debug|x86.ActiveCfg = Debug|Win32
		{E99B9DE7-97CD-4071-86F2-6C8ADC5EE0E4}.Debug|x86.Build.0 = Debug|Win32
		{E99B9DE7-97CD-4071-86F2-6C8ADC5EE0E4}.Release|x64.ActiveCfg = Release|x64
		{E99B9DE7-97CD-4071-86F2-6C8ADC5EE0E4}.Release|x64.Build.0 = Release|x64
		{E99B9DE7-97CD-4071-86F2-6C8ADC5EE0E4}.Release|x86.ActiveCfg = Release|Win32
		{E99B9DE7-97CD-4071-86F2-6C8ADC5EE0E4}.Release|x86.Build.0 = Release|Win32
		{11AB8013-B7D3-4487-A894-2FCE8DFC1274}.Debug|x64.ActiveCfg = Debug|x64
		{11AB8013-B7D3-4487-A894-2FCE8DFC1274}.Debug|x64.Build.0 = Debug|x64
		{11AB8013-B7D3-4487-A894-2FCE8DFC1274}.Debug|x86.ActiveCfg = Debug|Win32
		{11AB8013-B7D3-4487-A894-2FCE8DFC1274}.Debug|x86.Build.0 = Debug|Win32
		{11AB8013-B7D3-4487-A894-2FCE8DFC1274}.Release|x64.ActiveCfg = Release|x64
		{11AB8013-B7D3-4487-A894-2FCE8DFC1274}.Release|x64.Build.0 = Release|x64
		{11AB8013-B7D3-4487-A894-2FCE8DFC1274}.Release|x86.ActiveCfg = Release|Win32
		{11AB8013-B7D3-4487-A894-2FCE8DFC1274}.Release|x86.Build.0 = Release|Win32
		{0C27EA9D-6EB6-48C3-9E1D-20E1793A57E3}.Debug|x64.ActiveCfg = Debug|x64
		{0C27EA9D-6EB6-48C3-9E1D-20E1793A57E3}.Debug|x64.Build.0 = Debug|x64
		{0C27EA9D-6EB6-48C3-9E1D-20E1793A57E3}.Debug|x86.ActiveCfg = Debug|Win32
		{0C27EA9D-6EB6-48C3-9E1D-20E1793A57E3}.Debug|x86.Build.0 = Debug|Win32
		{0C27EA9D-6EB6-48C3-9E1D-20E1793A57E3}.Release|x64.ActiveCfg = Release|x64
		{0C27EA9D-6EB6-48C3-9E1D-20E1793A57E3}.Release|x64.Build.0 = Release|x64
		{0C27EA9D-6EB6-48C3-9E1D-20E1793A57E3}.Release|x86.ActiveCfg = Release|Win32
		{0C27EA9D-6EB6-48C3-9E1D-20E1793A57E3}.Release|x86.Build.0 = Release|Win32
		{D703C9EB-A99D-4E34-960E-3D854F15EC33}.Debug|x64.ActiveCfg = Debug|x64
		{D703C9EB-A99D-4E34-960E-3D854F15EC33}.Debug|x64.Build.0 = Debug|x64
		{D703C9EB-A99D-4E34-960E-3D854F15EC33}.Debug|x86.ActiveCfg = Debug|Win32
		{D703C9EB-A99D-4E34-960E-3D854F15EC33}.Debug|x86.Build.0 = Debug|Win32
		{D703C9EB-A99D-4E34-960E-3D854F15EC33}.Release|x64.ActiveCfg = Release|x64
		{D703C9EB-A99D-4E34-960E-3D854F15EC33}.Release|x64.Build.0 = Release|x64
		{D703C9EB-A99D-4E34-960E-3D854F15EC33}.Release|x86.ActiveCfg = Release|Win32
		{D703C9EB-A99D-4E34-960E-3D854F15EC33}.Release|x86.Build.0 = Release|Win32
	EndGlobalSection
	GlobalSection(SolutionProperties) = preSolution
		HideSolutionNode = FALSE
	EndGlobalSection
	GlobalSection(ExtensibilityGlobals) = postSolution
		SolutionGuid = {6C4448C5-65DE-4B64-97DB-9EB7BB7028B2}
	EndGlobalSection
EndGlobal
