
Microsoft Visual Studio Solution File, Format Version 12.00
# Visual Studio Version 17
VisualStudioVersion = 17.3.32901.215
MinimumVisualStudioVersion = 10.0.40219.1
Project("{8BC9CEB8-8B4A-11D0-8D11-00A0C91BC942}") = "Task1", "Task1\Task1.vcxproj", "{6A6D891E-B912-4E92-85B8-364814F20EAF}"
EndProject
Project("{8BC9CEB8-8B4A-11D0-8D11-00A0C91BC942}") = "Task2", "Task2\Task2.vcxproj", "{327634F6-9908-430A-AFD6-BF4798864C07}"
EndProject
Project("{8BC9CEB8-8B4A-11D0-8D11-00A0C91BC942}") = "Task3", "Task3\Task3.vcxproj", "{C5812CCC-D626-4341-83DD-B2571B5006C3}"
EndProject
Project("{8BC9CEB8-8B4A-11D0-8D11-00A0C91BC942}") = "Task4", "Task4\Task4.vcxproj", "{5EC5EDC8-7784-49DF-90B4-2A7683AC95E3}"
EndProject
Project("{8BC9CEB8-8B4A-11D0-8D11-00A0C91BC942}") = "Task5", "Task5\Task5.vcxproj", "{59079810-D19B-4BC8-B5DD-EE8AF340AC65}"
EndProject
Project("{8BC9CEB8-8B4A-11D0-8D11-00A0C91BC942}") = "Task6", "Task6\Task6.vcxproj", "{A4BD2B18-D7CB-47A0-8DE1-CAF204417DFC}"
EndProject
Project("{8BC9CEB8-8B4A-11D0-8D11-00A0C91BC942}") = "Task7", "Task7\Task7.vcxproj", "{AB1970AC-EB24-4CB5-9C24-FBAD770A869E}"
EndProject
Project("{8BC9CEB8-8B4A-11D0-8D11-00A0C91BC942}") = "Task8", "Task8\Task8.vcxproj", "{0EF7BB28-D9E9-44ED-BDDC-2A277F98CAF0}"
EndProject
Project("{8BC9CEB8-8B4A-11D0-8D11-00A0C91BC942}") = "Task9", "Task9\Task9.vcxproj", "{548C9FC1-56A6-4CBE-8A8C-B208AA124A98}"
EndProject
Global
	GlobalSection(SolutionConfigurationPlatforms) = preSolution
		Debug|x64 = Debug|x64
		Debug|x86 = Debug|x86
		Release|x64 = Release|x64
		Release|x86 = Release|x86
	EndGlobalSection
	GlobalSection(ProjectConfigurationPlatforms) = postSolution
		{6A6D891E-B912-4E92-85B8-364814F20EAF}.Debug|x64.ActiveCfg = Debug|x64
		{6A6D891E-B912-4E92-85B8-364814F20EAF}.Debug|x64.Build.0 = Debug|x64
		{6A6D891E-B912-4E92-85B8-364814F20EAF}.Debug|x86.ActiveCfg = Debug|Win32
		{6A6D891E-B912-4E92-85B8-364814F20EAF}.Debug|x86.Build.0 = Debug|Win32
		{6A6D891E-B912-4E92-85B8-364814F20EAF}.Release|x64.ActiveCfg = Release|x64
		{6A6D891E-B912-4E92-85B8-364814F20EAF}.Release|x64.Build.0 = Release|x64
		{6A6D891E-B912-4E92-85B8-364814F20EAF}.Release|x86.ActiveCfg = Release|Win32
		{6A6D891E-B912-4E92-85B8-364814F20EAF}.Release|x86.Build.0 = Release|Win32
		{327634F6-9908-430A-AFD6-BF4798864C07}.Debug|x64.ActiveCfg = Debug|x64
		{327634F6-9908-430A-AFD6-BF4798864C07}.Debug|x64.Build.0 = Debug|x64
		{327634F6-9908-430A-AFD6-BF4798864C07}.Debug|x86.ActiveCfg = Debug|Win32
		{327634F6-9908-430A-AFD6-BF4798864C07}.Debug|x86.Build.0 = Debug|Win32
		{327634F6-9908-430A-AFD6-BF4798864C07}.Release|x64.ActiveCfg = Release|x64
		{327634F6-9908-430A-AFD6-BF4798864C07}.Release|x64.Build.0 = Release|x64
		{327634F6-9908-430A-AFD6-BF4798864C07}.Release|x86.ActiveCfg = Release|Win32
		{327634F6-9908-430A-AFD6-BF4798864C07}.Release|x86.Build.0 = Release|Win32
		{C5812CCC-D626-4341-83DD-B2571B5006C3}.Debug|x64.ActiveCfg = Debug|x64
		{C5812CCC-D626-4341-83DD-B2571B5006C3}.Debug|x64.Build.0 = Debug|x64
		{C5812CCC-D626-4341-83DD-B2571B5006C3}.Debug|x86.ActiveCfg = Debug|Win32
		{C5812CCC-D626-4341-83DD-B2571B5006C3}.Debug|x86.Build.0 = Debug|Win32
		{C5812CCC-D626-4341-83DD-B2571B5006C3}.Release|x64.ActiveCfg = Release|x64
		{C5812CCC-D626-4341-83DD-B2571B5006C3}.Release|x64.Build.0 = Release|x64
		{C5812CCC-D626-4341-83DD-B2571B5006C3}.Release|x86.ActiveCfg = Release|Win32
		{C5812CCC-D626-4341-83DD-B2571B5006C3}.Release|x86.Build.0 = Release|Win32
		{5EC5EDC8-7784-49DF-90B4-2A7683AC95E3}.Debug|x64.ActiveCfg = Debug|x64
		{5EC5EDC8-7784-49DF-90B4-2A7683AC95E3}.Debug|x64.Build.0 = Debug|x64
		{5EC5EDC8-7784-49DF-90B4-2A7683AC95E3}.Debug|x86.ActiveCfg = Debug|Win32
		{5EC5EDC8-7784-49DF-90B4-2A7683AC95E3}.Debug|x86.Build.0 = Debug|Win32
		{5EC5EDC8-7784-49DF-90B4-2A7683AC95E3}.Release|x64.ActiveCfg = Release|x64
		{5EC5EDC8-7784-49DF-90B4-2A7683AC95E3}.Release|x64.Build.0 = Release|x64
		{5EC5EDC8-7784-49DF-90B4-2A7683AC95E3}.Release|x86.ActiveCfg = Release|Win32
		{5EC5EDC8-7784-49DF-90B4-2A7683AC95E3}.Release|x86.Build.0 = Release|Win32
		{59079810-D19B-4BC8-B5DD-EE8AF340AC65}.Debug|x64.ActiveCfg = Debug|x64
		{59079810-D19B-4BC8-B5DD-EE8AF340AC65}.Debug|x64.Build.0 = Debug|x64
		{59079810-D19B-4BC8-B5DD-EE8AF340AC65}.Debug|x86.ActiveCfg = Debug|Win32
		{59079810-D19B-4BC8-B5DD-EE8AF340AC65}.Debug|x86.Build.0 = Debug|Win32
		{59079810-D19B-4BC8-B5DD-EE8AF340AC65}.Release|x64.ActiveCfg = Release|x64
		{59079810-D19B-4BC8-B5DD-EE8AF340AC65}.Release|x64.Build.0 = Release|x64
		{59079810-D19B-4BC8-B5DD-EE8AF340AC65}.Release|x86.ActiveCfg = Release|Win32
		{59079810-D19B-4BC8-B5DD-EE8AF340AC65}.Release|x86.Build.0 = Release|Win32
		{A4BD2B18-D7CB-47A0-8DE1-CAF204417DFC}.Debug|x64.ActiveCfg = Debug|x64
		{A4BD2B18-D7CB-47A0-8DE1-CAF204417DFC}.Debug|x64.Build.0 = Debug|x64
		{A4BD2B18-D7CB-47A0-8DE1-CAF204417DFC}.Debug|x86.ActiveCfg = Debug|Win32
		{A4BD2B18-D7CB-47A0-8DE1-CAF204417DFC}.Debug|x86.Build.0 = Debug|Win32
		{A4BD2B18-D7CB-47A0-8DE1-CAF204417DFC}.Release|x64.ActiveCfg = Release|x64
		{A4BD2B18-D7CB-47A0-8DE1-CAF204417DFC}.Release|x64.Build.0 = Release|x64
		{A4BD2B18-D7CB-47A0-8DE1-CAF204417DFC}.Release|x86.ActiveCfg = Release|Win32
		{A4BD2B18-D7CB-47A0-8DE1-CAF204417DFC}.Release|x86.Build.0 = Release|Win32
		{AB1970AC-EB24-4CB5-9C24-FBAD770A869E}.Debug|x64.ActiveCfg = Debug|x64
		{AB1970AC-EB24-4CB5-9C24-FBAD770A869E}.Debug|x64.Build.0 = Debug|x64
		{AB1970AC-EB24-4CB5-9C24-FBAD770A869E}.Debug|x86.ActiveCfg = Debug|Win32
		{AB1970AC-EB24-4CB5-9C24-FBAD770A869E}.Debug|x86.Build.0 = Debug|Win32
		{AB1970AC-EB24-4CB5-9C24-FBAD770A869E}.Release|x64.ActiveCfg = Release|x64
		{AB1970AC-EB24-4CB5-9C24-FBAD770A869E}.Release|x64.Build.0 = Release|x64
		{AB1970AC-EB24-4CB5-9C24-FBAD770A869E}.Release|x86.ActiveCfg = Release|Win32
		{AB1970AC-EB24-4CB5-9C24-FBAD770A869E}.Release|x86.Build.0 = Release|Win32
		{0EF7BB28-D9E9-44ED-BDDC-2A277F98CAF0}.Debug|x64.ActiveCfg = Debug|x64
		{0EF7BB28-D9E9-44ED-BDDC-2A277F98CAF0}.Debug|x64.Build.0 = Debug|x64
		{0EF7BB28-D9E9-44ED-BDDC-2A277F98CAF0}.Debug|x86.ActiveCfg = Debug|Win32
		{0EF7BB28-D9E9-44ED-BDDC-2A277F98CAF0}.Debug|x86.Build.0 = Debug|Win32
		{0EF7BB28-D9E9-44ED-BDDC-2A277F98CAF0}.Release|x64.ActiveCfg = Release|x64
		{0EF7BB28-D9E9-44ED-BDDC-2A277F98CAF0}.Release|x64.Build.0 = Release|x64
		{0EF7BB28-D9E9-44ED-BDDC-2A277F98CAF0}.Release|x86.ActiveCfg = Release|Win32
		{0EF7BB28-D9E9-44ED-BDDC-2A277F98CAF0}.Release|x86.Build.0 = Release|Win32
		{548C9FC1-56A6-4CBE-8A8C-B208AA124A98}.Debug|x64.ActiveCfg = Debug|x64
		{548C9FC1-56A6-4CBE-8A8C-B208AA124A98}.Debug|x64.Build.0 = Debug|x64
		{548C9FC1-56A6-4CBE-8A8C-B208AA124A98}.Debug|x86.ActiveCfg = Debug|Win32
		{548C9FC1-56A6-4CBE-8A8C-B208AA124A98}.Debug|x86.Build.0 = Debug|Win32
		{548C9FC1-56A6-4CBE-8A8C-B208AA124A98}.Release|x64.ActiveCfg = Release|x64
		{548C9FC1-56A6-4CBE-8A8C-B208AA124A98}.Release|x64.Build.0 = Release|x64
		{548C9FC1-56A6-4CBE-8A8C-B208AA124A98}.Release|x86.ActiveCfg = Release|Win32
		{548C9FC1-56A6-4CBE-8A8C-B208AA124A98}.Release|x86.Build.0 = Release|Win32
	EndGlobalSection
	GlobalSection(SolutionProperties) = preSolution
		HideSolutionNode = FALSE
	EndGlobalSection
	GlobalSection(ExtensibilityGlobals) = postSolution
		SolutionGuid = {A91FF60F-5076-46BC-9672-6BB7FBE0F1C6}
	EndGlobalSection
EndGlobal
