
Microsoft Visual Studio Solution File, Format Version 12.00
# Visual Studio Version 17
VisualStudioVersion = 17.3.32901.215
MinimumVisualStudioVersion = 10.0.40219.1
Project("{8BC9CEB8-8B4A-11D0-8D11-00A0C91BC942}") = "Task1", "Task1\Task1.vcxproj", "{BCD44B46-B78D-425F-B90E-DF918887A0DF}"
EndProject
Project("{8BC9CEB8-8B4A-11D0-8D11-00A0C91BC942}") = "Task2", "Task2\Task2.vcxproj", "{E2CAFDF6-3A45-4F53-85C5-BA4DC9F69510}"
EndProject
Project("{8BC9CEB8-8B4A-11D0-8D11-00A0C91BC942}") = "Task3", "Task3\Task3.vcxproj", "{C0658F03-E5AD-48E6-8A45-F92E8D7371CC}"
EndProject
Project("{8BC9CEB8-8B4A-11D0-8D11-00A0C91BC942}") = "Task4", "Task4\Task4.vcxproj", "{94138238-C416-4448-AD81-48B2A9351977}"
EndProject
Project("{8BC9CEB8-8B4A-11D0-8D11-00A0C91BC942}") = "Task5", "Task5\Task5.vcxproj", "{9FA6EBF1-2649-424C-AE07-16E72AE8916F}"
EndProject
Project("{8BC9CEB8-8B4A-11D0-8D11-00A0C91BC942}") = "Task6", "Task6\Task6.vcxproj", "{1CDEF385-E070-4F52-8EC8-CF00BE36171D}"
EndProject
Project("{8BC9CEB8-8B4A-11D0-8D11-00A0C91BC942}") = "Task7", "Task7\Task7.vcxproj", "{718123E3-C9DE-4F10-A5CE-D67820ACEAC8}"
EndProject
Project("{8BC9CEB8-8B4A-11D0-8D11-00A0C91BC942}") = "Task8", "Task8\Task8.vcxproj", "{CF437974-8BB1-4FD5-A482-08EA9B20063F}"
EndProject
Project("{8BC9CEB8-8B4A-11D0-8D11-00A0C91BC942}") = "Task9", "Task9\Task9.vcxproj", "{720E5946-B8F4-433E-A3AA-2C241B10DFAE}"
EndProject
Project("{8BC9CEB8-8B4A-11D0-8D11-00A0C91BC942}") = "Task10", "Task10\Task10.vcxproj", "{802D80E4-47FD-4AA3-BB6E-3A713C31D7EC}"
EndProject
Global
	GlobalSection(SolutionConfigurationPlatforms) = preSolution
		Debug|x64 = Debug|x64
		Debug|x86 = Debug|x86
		Release|x64 = Release|x64
		Release|x86 = Release|x86
	EndGlobalSection
	GlobalSection(ProjectConfigurationPlatforms) = postSolution
		{BCD44B46-B78D-425F-B90E-DF918887A0DF}.Debug|x64.ActiveCfg = Debug|x64
		{BCD44B46-B78D-425F-B90E-DF918887A0DF}.Debug|x64.Build.0 = Debug|x64
		{BCD44B46-B78D-425F-B90E-DF918887A0DF}.Debug|x86.ActiveCfg = Debug|Win32
		{BCD44B46-B78D-425F-B90E-DF918887A0DF}.Debug|x86.Build.0 = Debug|Win32
		{BCD44B46-B78D-425F-B90E-DF918887A0DF}.Release|x64.ActiveCfg = Release|x64
		{BCD44B46-B78D-425F-B90E-DF918887A0DF}.Release|x64.Build.0 = Release|x64
		{BCD44B46-B78D-425F-B90E-DF918887A0DF}.Release|x86.ActiveCfg = Release|Win32
		{BCD44B46-B78D-425F-B90E-DF918887A0DF}.Release|x86.Build.0 = Release|Win32
		{E2CAFDF6-3A45-4F53-85C5-BA4DC9F69510}.Debug|x64.ActiveCfg = Debug|x64
		{E2CAFDF6-3A45-4F53-85C5-BA4DC9F69510}.Debug|x64.Build.0 = Debug|x64
		{E2CAFDF6-3A45-4F53-85C5-BA4DC9F69510}.Debug|x86.ActiveCfg = Debug|Win32
		{E2CAFDF6-3A45-4F53-85C5-BA4DC9F69510}.Debug|x86.Build.0 = Debug|Win32
		{E2CAFDF6-3A45-4F53-85C5-BA4DC9F69510}.Release|x64.ActiveCfg = Release|x64
		{E2CAFDF6-3A45-4F53-85C5-BA4DC9F69510}.Release|x64.Build.0 = Release|x64
		{E2CAFDF6-3A45-4F53-85C5-BA4DC9F69510}.Release|x86.ActiveCfg = Release|Win32
		{E2CAFDF6-3A45-4F53-85C5-BA4DC9F69510}.Release|x86.Build.0 = Release|Win32
		{C0658F03-E5AD-48E6-8A45-F92E8D7371CC}.Debug|x64.ActiveCfg = Debug|x64
		{C0658F03-E5AD-48E6-8A45-F92E8D7371CC}.Debug|x64.Build.0 = Debug|x64
		{C0658F03-E5AD-48E6-8A45-F92E8D7371CC}.Debug|x86.ActiveCfg = Debug|Win32
		{C0658F03-E5AD-48E6-8A45-F92E8D7371CC}.Debug|x86.Build.0 = Debug|Win32
		{C0658F03-E5AD-48E6-8A45-F92E8D7371CC}.Release|x64.ActiveCfg = Release|x64
		{C0658F03-E5AD-48E6-8A45-F92E8D7371CC}.Release|x64.Build.0 = Release|x64
		{C0658F03-E5AD-48E6-8A45-F92E8D7371CC}.Release|x86.ActiveCfg = Release|Win32
		{C0658F03-E5AD-48E6-8A45-F92E8D7371CC}.Release|x86.Build.0 = Release|Win32
		{94138238-C416-4448-AD81-48B2A9351977}.Debug|x64.ActiveCfg = Debug|x64
		{94138238-C416-4448-AD81-48B2A9351977}.Debug|x64.Build.0 = Debug|x64
		{94138238-C416-4448-AD81-48B2A9351977}.Debug|x86.ActiveCfg = Debug|Win32
		{94138238-C416-4448-AD81-48B2A9351977}.Debug|x86.Build.0 = Debug|Win32
		{94138238-C416-4448-AD81-48B2A9351977}.Release|x64.ActiveCfg = Release|x64
		{94138238-C416-4448-AD81-48B2A9351977}.Release|x64.Build.0 = Release|x64
		{94138238-C416-4448-AD81-48B2A9351977}.Release|x86.ActiveCfg = Release|Win32
		{94138238-C416-4448-AD81-48B2A9351977}.Release|x86.Build.0 = Release|Win32
		{9FA6EBF1-2649-424C-AE07-16E72AE8916F}.Debug|x64.ActiveCfg = Debug|x64
		{9FA6EBF1-2649-424C-AE07-16E72AE8916F}.Debug|x64.Build.0 = Debug|x64
		{9FA6EBF1-2649-424C-AE07-16E72AE8916F}.Debug|x86.ActiveCfg = Debug|Win32
		{9FA6EBF1-2649-424C-AE07-16E72AE8916F}.Debug|x86.Build.0 = Debug|Win32
		{9FA6EBF1-2649-424C-AE07-16E72AE8916F}.Release|x64.ActiveCfg = Release|x64
		{9FA6EBF1-2649-424C-AE07-16E72AE8916F}.Release|x64.Build.0 = Release|x64
		{9FA6EBF1-2649-424C-AE07-16E72AE8916F}.Release|x86.ActiveCfg = Release|Win32
		{9FA6EBF1-2649-424C-AE07-16E72AE8916F}.Release|x86.Build.0 = Release|Win32
		{1CDEF385-E070-4F52-8EC8-CF00BE36171D}.Debug|x64.ActiveCfg = Debug|x64
		{1CDEF385-E070-4F52-8EC8-CF00BE36171D}.Debug|x64.Build.0 = Debug|x64
		{1CDEF385-E070-4F52-8EC8-CF00BE36171D}.Debug|x86.ActiveCfg = Debug|Win32
		{1CDEF385-E070-4F52-8EC8-CF00BE36171D}.Debug|x86.Build.0 = Debug|Win32
		{1CDEF385-E070-4F52-8EC8-CF00BE36171D}.Release|x64.ActiveCfg = Release|x64
		{1CDEF385-E070-4F52-8EC8-CF00BE36171D}.Release|x64.Build.0 = Release|x64
		{1CDEF385-E070-4F52-8EC8-CF00BE36171D}.Release|x86.ActiveCfg = Release|Win32
		{1CDEF385-E070-4F52-8EC8-CF00BE36171D}.Release|x86.Build.0 = Release|Win32
		{718123E3-C9DE-4F10-A5CE-D67820ACEAC8}.Debug|x64.ActiveCfg = Debug|x64
		{718123E3-C9DE-4F10-A5CE-D67820ACEAC8}.Debug|x64.Build.0 = Debug|x64
		{718123E3-C9DE-4F10-A5CE-D67820ACEAC8}.Debug|x86.ActiveCfg = Debug|Win32
		{718123E3-C9DE-4F10-A5CE-D67820ACEAC8}.Debug|x86.Build.0 = Debug|Win32
		{718123E3-C9DE-4F10-A5CE-D67820ACEAC8}.Release|x64.ActiveCfg = Release|x64
		{718123E3-C9DE-4F10-A5CE-D67820ACEAC8}.Release|x64.Build.0 = Release|x64
		{718123E3-C9DE-4F10-A5CE-D67820ACEAC8}.Release|x86.ActiveCfg = Release|Win32
		{718123E3-C9DE-4F10-A5CE-D67820ACEAC8}.Release|x86.Build.0 = Release|Win32
		{CF437974-8BB1-4FD5-A482-08EA9B20063F}.Debug|x64.ActiveCfg = Debug|x64
		{CF437974-8BB1-4FD5-A482-08EA9B20063F}.Debug|x64.Build.0 = Debug|x64
		{CF437974-8BB1-4FD5-A482-08EA9B20063F}.Debug|x86.ActiveCfg = Debug|Win32
		{CF437974-8BB1-4FD5-A482-08EA9B20063F}.Debug|x86.Build.0 = Debug|Win32
		{CF437974-8BB1-4FD5-A482-08EA9B20063F}.Release|x64.ActiveCfg = Release|x64
		{CF437974-8BB1-4FD5-A482-08EA9B20063F}.Release|x64.Build.0 = Release|x64
		{CF437974-8BB1-4FD5-A482-08EA9B20063F}.Release|x86.ActiveCfg = Release|Win32
		{CF437974-8BB1-4FD5-A482-08EA9B20063F}.Release|x86.Build.0 = Release|Win32
		{720E5946-B8F4-433E-A3AA-2C241B10DFAE}.Debug|x64.ActiveCfg = Debug|x64
		{720E5946-B8F4-433E-A3AA-2C241B10DFAE}.Debug|x64.Build.0 = Debug|x64
		{720E5946-B8F4-433E-A3AA-2C241B10DFAE}.Debug|x86.ActiveCfg = Debug|Win32
		{720E5946-B8F4-433E-A3AA-2C241B10DFAE}.Debug|x86.Build.0 = Debug|Win32
		{720E5946-B8F4-433E-A3AA-2C241B10DFAE}.Release|x64.ActiveCfg = Release|x64
		{720E5946-B8F4-433E-A3AA-2C241B10DFAE}.Release|x64.Build.0 = Release|x64
		{720E5946-B8F4-433E-A3AA-2C241B10DFAE}.Release|x86.ActiveCfg = Release|Win32
		{720E5946-B8F4-433E-A3AA-2C241B10DFAE}.Release|x86.Build.0 = Release|Win32
		{802D80E4-47FD-4AA3-BB6E-3A713C31D7EC}.Debug|x64.ActiveCfg = Debug|x64
		{802D80E4-47FD-4AA3-BB6E-3A713C31D7EC}.Debug|x64.Build.0 = Debug|x64
		{802D80E4-47FD-4AA3-BB6E-3A713C31D7EC}.Debug|x86.ActiveCfg = Debug|Win32
		{802D80E4-47FD-4AA3-BB6E-3A713C31D7EC}.Debug|x86.Build.0 = Debug|Win32
		{802D80E4-47FD-4AA3-BB6E-3A713C31D7EC}.Release|x64.ActiveCfg = Release|x64
		{802D80E4-47FD-4AA3-BB6E-3A713C31D7EC}.Release|x64.Build.0 = Release|x64
		{802D80E4-47FD-4AA3-BB6E-3A713C31D7EC}.Release|x86.ActiveCfg = Release|Win32
		{802D80E4-47FD-4AA3-BB6E-3A713C31D7EC}.Release|x86.Build.0 = Release|Win32
	EndGlobalSection
	GlobalSection(SolutionProperties) = preSolution
		HideSolutionNode = FALSE
	EndGlobalSection
	GlobalSection(ExtensibilityGlobals) = postSolution
		SolutionGuid = {FB47F51F-D3D5-4767-94E4-FB88102A9122}
	EndGlobalSection
EndGlobal
